
Microsoft Visual Studio Solution File, Format Version 12.00
# Visual Studio 15
VisualStudioVersion = 15.0.26124.0
MinimumVisualStudioVersion = 15.0.26124.0
Project("{2150E333-8FDC-42A3-9474-1A3956D46DE8}") = "src", "src", "{AB5C4EC0-1D9F-483A-9DDA-C9F974B8678F}"
EndProject
Project("{FAE04EC0-301F-11D3-BF4B-00C04F79EFBC}") = "Brimborium.Json", "src\Brimborium.Json\Brimborium.Json.csproj", "{2E5CAE29-EA16-4101-87BE-AB998395BAED}"
EndProject
Project("{2150E333-8FDC-42A3-9474-1A3956D46DE8}") = "test", "test", "{535C27C8-C0FE-4971-B297-7030AF145372}"
EndProject
Project("{FAE04EC0-301F-11D3-BF4B-00C04F79EFBC}") = "Brimborium.Json.Test", "test\Brimborium.Json.Test\Brimborium.Json.Test.csproj", "{49CB7047-F56A-4E79-8067-E832E7AC2202}"
EndProject
Project("{FAE04EC0-301F-11D3-BF4B-00C04F79EFBC}") = "Brimborium.Json.Tool", "src\Brimborium.Json.Tool\Brimborium.Json.Tool.csproj", "{6485D35F-CA6C-4836-885E-20B412173BCC}"
EndProject
Global
	GlobalSection(SolutionConfigurationPlatforms) = preSolution
		Debug|Any CPU = Debug|Any CPU
		Debug|x64 = Debug|x64
		Debug|x86 = Debug|x86
		Release|Any CPU = Release|Any CPU
		Release|x64 = Release|x64
		Release|x86 = Release|x86
	EndGlobalSection
	GlobalSection(SolutionProperties) = preSolution
		HideSolutionNode = FALSE
	EndGlobalSection
	GlobalSection(ProjectConfigurationPlatforms) = postSolution
		{2E5CAE29-EA16-4101-87BE-AB998395BAED}.Debug|Any CPU.ActiveCfg = Debug|Any CPU
		{2E5CAE29-EA16-4101-87BE-AB998395BAED}.Debug|Any CPU.Build.0 = Debug|Any CPU
		{2E5CAE29-EA16-4101-87BE-AB998395BAED}.Debug|x64.ActiveCfg = Debug|Any CPU
		{2E5CAE29-EA16-4101-87BE-AB998395BAED}.Debug|x64.Build.0 = Debug|Any CPU
		{2E5CAE29-EA16-4101-87BE-AB998395BAED}.Debug|x86.ActiveCfg = Debug|Any CPU
		{2E5CAE29-EA16-4101-87BE-AB998395BAED}.Debug|x86.Build.0 = Debug|Any CPU
		{2E5CAE29-EA16-4101-87BE-AB998395BAED}.Release|Any CPU.ActiveCfg = Release|Any CPU
		{2E5CAE29-EA16-4101-87BE-AB998395BAED}.Release|Any CPU.Build.0 = Release|Any CPU
		{2E5CAE29-EA16-4101-87BE-AB998395BAED}.Release|x64.ActiveCfg = Release|Any CPU
		{2E5CAE29-EA16-4101-87BE-AB998395BAED}.Release|x64.Build.0 = Release|Any CPU
		{2E5CAE29-EA16-4101-87BE-AB998395BAED}.Release|x86.ActiveCfg = Release|Any CPU
		{2E5CAE29-EA16-4101-87BE-AB998395BAED}.Release|x86.Build.0 = Release|Any CPU
		{49CB7047-F56A-4E79-8067-E832E7AC2202}.Debug|Any CPU.ActiveCfg = Debug|Any CPU
		{49CB7047-F56A-4E79-8067-E832E7AC2202}.Debug|Any CPU.Build.0 = Debug|Any CPU
		{49CB7047-F56A-4E79-8067-E832E7AC2202}.Debug|x64.ActiveCfg = Debug|Any CPU
		{49CB7047-F56A-4E79-8067-E832E7AC2202}.Debug|x64.Build.0 = Debug|Any CPU
		{49CB7047-F56A-4E79-8067-E832E7AC2202}.Debug|x86.ActiveCfg = Debug|Any CPU
		{49CB7047-F56A-4E79-8067-E832E7AC2202}.Debug|x86.Build.0 = Debug|Any CPU
		{49CB7047-F56A-4E79-8067-E832E7AC2202}.Release|Any CPU.ActiveCfg = Release|Any CPU
		{49CB7047-F56A-4E79-8067-E832E7AC2202}.Release|Any CPU.Build.0 = Release|Any CPU
		{49CB7047-F56A-4E79-8067-E832E7AC2202}.Release|x64.ActiveCfg = Release|Any CPU
		{49CB7047-F56A-4E79-8067-E832E7AC2202}.Release|x64.Build.0 = Release|Any CPU
		{49CB7047-F56A-4E79-8067-E832E7AC2202}.Release|x86.ActiveCfg = Release|Any CPU
		{49CB7047-F56A-4E79-8067-E832E7AC2202}.Release|x86.Build.0 = Release|Any CPU
		{6485D35F-CA6C-4836-885E-20B412173BCC}.Debug|Any CPU.ActiveCfg = Debug|Any CPU
		{6485D35F-CA6C-4836-885E-20B412173BCC}.Debug|Any CPU.Build.0 = Debug|Any CPU
		{6485D35F-CA6C-4836-885E-20B412173BCC}.Debug|x64.ActiveCfg = Debug|Any CPU
		{6485D35F-CA6C-4836-885E-20B412173BCC}.Debug|x64.Build.0 = Debug|Any CPU
		{6485D35F-CA6C-4836-885E-20B412173BCC}.Debug|x86.ActiveCfg = Debug|Any CPU
		{6485D35F-CA6C-4836-885E-20B412173BCC}.Debug|x86.Build.0 = Debug|Any CPU
		{6485D35F-CA6C-4836-885E-20B412173BCC}.Release|Any CPU.ActiveCfg = Release|Any CPU
		{6485D35F-CA6C-4836-885E-20B412173BCC}.Release|Any CPU.Build.0 = Release|Any CPU
		{6485D35F-CA6C-4836-885E-20B412173BCC}.Release|x64.ActiveCfg = Release|Any CPU
		{6485D35F-CA6C-4836-885E-20B412173BCC}.Release|x64.Build.0 = Release|Any CPU
		{6485D35F-CA6C-4836-885E-20B412173BCC}.Release|x86.ActiveCfg = Release|Any CPU
		{6485D35F-CA6C-4836-885E-20B412173BCC}.Release|x86.Build.0 = Release|Any CPU
	EndGlobalSection
	GlobalSection(NestedProjects) = preSolution
		{2E5CAE29-EA16-4101-87BE-AB998395BAED} = {AB5C4EC0-1D9F-483A-9DDA-C9F974B8678F}
		{49CB7047-F56A-4E79-8067-E832E7AC2202} = {535C27C8-C0FE-4971-B297-7030AF145372}
		{6485D35F-CA6C-4836-885E-20B412173BCC} = {AB5C4EC0-1D9F-483A-9DDA-C9F974B8678F}
	EndGlobalSection
EndGlobal
