
Microsoft Visual Studio Solution File, Format Version 12.00
# Visual Studio Version 16
VisualStudioVersion = 16.0.30803.129
MinimumVisualStudioVersion = 15.0.26124.0
Project("{2150E333-8FDC-42A3-9474-1A3956D46DE8}") = "src", "src", "{AB5C4EC0-1D9F-483A-9DDA-C9F974B8678F}"
EndProject
Project("{9A19103F-16F7-4668-BE54-9A1E7A4F7556}") = "Brimborium.Json", "src\Brimborium.Json\Brimborium.Json.csproj", "{2E5CAE29-EA16-4101-87BE-AB998395BAED}"
EndProject
Project("{2150E333-8FDC-42A3-9474-1A3956D46DE8}") = "test", "test", "{535C27C8-C0FE-4971-B297-7030AF145372}"
EndProject
Project("{9A19103F-16F7-4668-BE54-9A1E7A4F7556}") = "Brimborium.Json.Test", "test\Brimborium.Json.Test\Brimborium.Json.Test.csproj", "{49CB7047-F56A-4E79-8067-E832E7AC2202}"
EndProject
Project("{2150E333-8FDC-42A3-9474-1A3956D46DE8}") = "_Root", "_Root", "{AB2F8407-528D-42FF-8E55-3F79E4F2CCB5}"
	ProjectSection(SolutionItems) = preProject
		Directory.Build.props = Directory.Build.props
		global.json = global.json
		LICENSE = LICENSE
		README.md = README.md
	EndProjectSection
EndProject
Project("{9A19103F-16F7-4668-BE54-9A1E7A4F7556}") = "Brimborium.Benchmark", "Benchmark\Brimborium.Benchmark\Brimborium.Benchmark.csproj", "{F68917CE-D59E-4DE3-A194-F039B0F22E7E}"
EndProject
Project("{2150E333-8FDC-42A3-9474-1A3956D46DE8}") = "Benchmark", "Benchmark", "{8678571A-A367-4254-B561-29C888A7DEB8}"
EndProject
Project("{9A19103F-16F7-4668-BE54-9A1E7A4F7556}") = "SampleLibrary1", "sample\SampleLibrary1\SampleLibrary1.csproj", "{42EC953F-B3F5-4DDD-8B32-788689B7BE33}"
EndProject
Project("{2150E333-8FDC-42A3-9474-1A3956D46DE8}") = "sample", "sample", "{A3A28AEF-F5E4-47F6-860D-6F1B6EE6A480}"
EndProject
Project("{9A19103F-16F7-4668-BE54-9A1E7A4F7556}") = "SampleLibrary2", "sample\SampleLibrary2\SampleLibrary2.csproj", "{61C0E4BF-9636-4B09-B7C4-F719325C77B0}"
EndProject
Project("{9A19103F-16F7-4668-BE54-9A1E7A4F7556}") = "SampleLibrary2Specification", "sample\SampleLibrary2Specification\SampleLibrary2Specification.csproj", "{8BA0CAB4-18AD-4D2A-9468-23B19EC158D5}"
EndProject
Project("{9A19103F-16F7-4668-BE54-9A1E7A4F7556}") = "SampleApp1", "sample\SampleApp1\SampleApp1.csproj", "{CF9AFB91-9441-494A-89C9-A05A2FE26E50}"
EndProject
Project("{9A19103F-16F7-4668-BE54-9A1E7A4F7556}") = "SampleWebApp", "sample\SampleWebApp\SampleWebApp.csproj", "{F7D7B457-9D10-4E57-AD13-96E818BB1A5C}"
EndProject
Project("{9A19103F-16F7-4668-BE54-9A1E7A4F7556}") = "SampleWepApi", "sample\SampleWepApi\SampleWepApi.csproj", "{549B0321-6FF7-4463-A82A-824F6758127A}"
EndProject
Project("{9A19103F-16F7-4668-BE54-9A1E7A4F7556}") = "Brimborium.Json.AspNetCore", "src\Brimborium.Json.AspNetCore\Brimborium.Json.AspNetCore.csproj", "{ACD465AE-F9CD-4BF0-BE58-F156EF03514A}"
EndProject
Project("{9A19103F-16F7-4668-BE54-9A1E7A4F7556}") = "Brimborium.Json.MVC", "src\Brimborium.Json.MVC\Brimborium.Json.MVC.csproj", "{97B8946C-5D48-4D5B-A4B3-3D47370888A7}"
EndProject
Project("{FAE04EC0-301F-11D3-BF4B-00C04F79EFBC}") = "Brimborium.Json.SourceGenerator", "src\Brimborium.Json.SourceGenerator\Brimborium.Json.SourceGenerator.csproj", "{605E16A8-E1C6-4886-8CA6-C49B499E6D10}"
EndProject
Project("{FAE04EC0-301F-11D3-BF4B-00C04F79EFBC}") = "Brimborium.Json.SourceGenerator.Test", "test\Brimborium.Json.SourceGenerator.Test\Brimborium.Json.SourceGenerator.Test.csproj", "{437ED827-52DC-4F97-A53D-576F564789C0}"
EndProject
Global
	GlobalSection(SolutionConfigurationPlatforms) = preSolution
		Debug|Any CPU = Debug|Any CPU
		Debug|x64 = Debug|x64
		Debug|x86 = Debug|x86
		Release|Any CPU = Release|Any CPU
		Release|x64 = Release|x64
		Release|x86 = Release|x86
	EndGlobalSection
	GlobalSection(ProjectConfigurationPlatforms) = postSolution
		{2E5CAE29-EA16-4101-87BE-AB998395BAED}.Debug|Any CPU.ActiveCfg = Debug|Any CPU
		{2E5CAE29-EA16-4101-87BE-AB998395BAED}.Debug|Any CPU.Build.0 = Debug|Any CPU
		{2E5CAE29-EA16-4101-87BE-AB998395BAED}.Debug|x64.ActiveCfg = Debug|Any CPU
		{2E5CAE29-EA16-4101-87BE-AB998395BAED}.Debug|x64.Build.0 = Debug|Any CPU
		{2E5CAE29-EA16-4101-87BE-AB998395BAED}.Debug|x86.ActiveCfg = Debug|Any CPU
		{2E5CAE29-EA16-4101-87BE-AB998395BAED}.Debug|x86.Build.0 = Debug|Any CPU
		{2E5CAE29-EA16-4101-87BE-AB998395BAED}.Release|Any CPU.ActiveCfg = Release|Any CPU
		{2E5CAE29-EA16-4101-87BE-AB998395BAED}.Release|Any CPU.Build.0 = Release|Any CPU
		{2E5CAE29-EA16-4101-87BE-AB998395BAED}.Release|x64.ActiveCfg = Release|Any CPU
		{2E5CAE29-EA16-4101-87BE-AB998395BAED}.Release|x64.Build.0 = Release|Any CPU
		{2E5CAE29-EA16-4101-87BE-AB998395BAED}.Release|x86.ActiveCfg = Release|Any CPU
		{2E5CAE29-EA16-4101-87BE-AB998395BAED}.Release|x86.Build.0 = Release|Any CPU
		{49CB7047-F56A-4E79-8067-E832E7AC2202}.Debug|Any CPU.ActiveCfg = Debug|Any CPU
		{49CB7047-F56A-4E79-8067-E832E7AC2202}.Debug|Any CPU.Build.0 = Debug|Any CPU
		{49CB7047-F56A-4E79-8067-E832E7AC2202}.Debug|x64.ActiveCfg = Debug|Any CPU
		{49CB7047-F56A-4E79-8067-E832E7AC2202}.Debug|x64.Build.0 = Debug|Any CPU
		{49CB7047-F56A-4E79-8067-E832E7AC2202}.Debug|x86.ActiveCfg = Debug|Any CPU
		{49CB7047-F56A-4E79-8067-E832E7AC2202}.Debug|x86.Build.0 = Debug|Any CPU
		{49CB7047-F56A-4E79-8067-E832E7AC2202}.Release|Any CPU.ActiveCfg = Release|Any CPU
		{49CB7047-F56A-4E79-8067-E832E7AC2202}.Release|Any CPU.Build.0 = Release|Any CPU
		{49CB7047-F56A-4E79-8067-E832E7AC2202}.Release|x64.ActiveCfg = Release|Any CPU
		{49CB7047-F56A-4E79-8067-E832E7AC2202}.Release|x64.Build.0 = Release|Any CPU
		{49CB7047-F56A-4E79-8067-E832E7AC2202}.Release|x86.ActiveCfg = Release|Any CPU
		{49CB7047-F56A-4E79-8067-E832E7AC2202}.Release|x86.Build.0 = Release|Any CPU
		{F68917CE-D59E-4DE3-A194-F039B0F22E7E}.Debug|Any CPU.ActiveCfg = Debug|Any CPU
		{F68917CE-D59E-4DE3-A194-F039B0F22E7E}.Debug|Any CPU.Build.0 = Debug|Any CPU
		{F68917CE-D59E-4DE3-A194-F039B0F22E7E}.Debug|x64.ActiveCfg = Debug|Any CPU
		{F68917CE-D59E-4DE3-A194-F039B0F22E7E}.Debug|x64.Build.0 = Debug|Any CPU
		{F68917CE-D59E-4DE3-A194-F039B0F22E7E}.Debug|x86.ActiveCfg = Debug|Any CPU
		{F68917CE-D59E-4DE3-A194-F039B0F22E7E}.Debug|x86.Build.0 = Debug|Any CPU
		{F68917CE-D59E-4DE3-A194-F039B0F22E7E}.Release|Any CPU.ActiveCfg = Release|Any CPU
		{F68917CE-D59E-4DE3-A194-F039B0F22E7E}.Release|Any CPU.Build.0 = Release|Any CPU
		{F68917CE-D59E-4DE3-A194-F039B0F22E7E}.Release|x64.ActiveCfg = Release|Any CPU
		{F68917CE-D59E-4DE3-A194-F039B0F22E7E}.Release|x64.Build.0 = Release|Any CPU
		{F68917CE-D59E-4DE3-A194-F039B0F22E7E}.Release|x86.ActiveCfg = Release|Any CPU
		{F68917CE-D59E-4DE3-A194-F039B0F22E7E}.Release|x86.Build.0 = Release|Any CPU
		{42EC953F-B3F5-4DDD-8B32-788689B7BE33}.Debug|Any CPU.ActiveCfg = Debug|Any CPU
		{42EC953F-B3F5-4DDD-8B32-788689B7BE33}.Debug|Any CPU.Build.0 = Debug|Any CPU
		{42EC953F-B3F5-4DDD-8B32-788689B7BE33}.Debug|x64.ActiveCfg = Debug|Any CPU
		{42EC953F-B3F5-4DDD-8B32-788689B7BE33}.Debug|x64.Build.0 = Debug|Any CPU
		{42EC953F-B3F5-4DDD-8B32-788689B7BE33}.Debug|x86.ActiveCfg = Debug|Any CPU
		{42EC953F-B3F5-4DDD-8B32-788689B7BE33}.Debug|x86.Build.0 = Debug|Any CPU
		{42EC953F-B3F5-4DDD-8B32-788689B7BE33}.Release|Any CPU.ActiveCfg = Release|Any CPU
		{42EC953F-B3F5-4DDD-8B32-788689B7BE33}.Release|Any CPU.Build.0 = Release|Any CPU
		{42EC953F-B3F5-4DDD-8B32-788689B7BE33}.Release|x64.ActiveCfg = Release|Any CPU
		{42EC953F-B3F5-4DDD-8B32-788689B7BE33}.Release|x64.Build.0 = Release|Any CPU
		{42EC953F-B3F5-4DDD-8B32-788689B7BE33}.Release|x86.ActiveCfg = Release|Any CPU
		{42EC953F-B3F5-4DDD-8B32-788689B7BE33}.Release|x86.Build.0 = Release|Any CPU
		{61C0E4BF-9636-4B09-B7C4-F719325C77B0}.Debug|Any CPU.ActiveCfg = Debug|Any CPU
		{61C0E4BF-9636-4B09-B7C4-F719325C77B0}.Debug|Any CPU.Build.0 = Debug|Any CPU
		{61C0E4BF-9636-4B09-B7C4-F719325C77B0}.Debug|x64.ActiveCfg = Debug|Any CPU
		{61C0E4BF-9636-4B09-B7C4-F719325C77B0}.Debug|x64.Build.0 = Debug|Any CPU
		{61C0E4BF-9636-4B09-B7C4-F719325C77B0}.Debug|x86.ActiveCfg = Debug|Any CPU
		{61C0E4BF-9636-4B09-B7C4-F719325C77B0}.Debug|x86.Build.0 = Debug|Any CPU
		{61C0E4BF-9636-4B09-B7C4-F719325C77B0}.Release|Any CPU.ActiveCfg = Release|Any CPU
		{61C0E4BF-9636-4B09-B7C4-F719325C77B0}.Release|Any CPU.Build.0 = Release|Any CPU
		{61C0E4BF-9636-4B09-B7C4-F719325C77B0}.Release|x64.ActiveCfg = Release|Any CPU
		{61C0E4BF-9636-4B09-B7C4-F719325C77B0}.Release|x64.Build.0 = Release|Any CPU
		{61C0E4BF-9636-4B09-B7C4-F719325C77B0}.Release|x86.ActiveCfg = Release|Any CPU
		{61C0E4BF-9636-4B09-B7C4-F719325C77B0}.Release|x86.Build.0 = Release|Any CPU
		{8BA0CAB4-18AD-4D2A-9468-23B19EC158D5}.Debug|Any CPU.ActiveCfg = Debug|Any CPU
		{8BA0CAB4-18AD-4D2A-9468-23B19EC158D5}.Debug|Any CPU.Build.0 = Debug|Any CPU
		{8BA0CAB4-18AD-4D2A-9468-23B19EC158D5}.Debug|x64.ActiveCfg = Debug|Any CPU
		{8BA0CAB4-18AD-4D2A-9468-23B19EC158D5}.Debug|x64.Build.0 = Debug|Any CPU
		{8BA0CAB4-18AD-4D2A-9468-23B19EC158D5}.Debug|x86.ActiveCfg = Debug|Any CPU
		{8BA0CAB4-18AD-4D2A-9468-23B19EC158D5}.Debug|x86.Build.0 = Debug|Any CPU
		{8BA0CAB4-18AD-4D2A-9468-23B19EC158D5}.Release|Any CPU.ActiveCfg = Release|Any CPU
		{8BA0CAB4-18AD-4D2A-9468-23B19EC158D5}.Release|Any CPU.Build.0 = Release|Any CPU
		{8BA0CAB4-18AD-4D2A-9468-23B19EC158D5}.Release|x64.ActiveCfg = Release|Any CPU
		{8BA0CAB4-18AD-4D2A-9468-23B19EC158D5}.Release|x64.Build.0 = Release|Any CPU
		{8BA0CAB4-18AD-4D2A-9468-23B19EC158D5}.Release|x86.ActiveCfg = Release|Any CPU
		{8BA0CAB4-18AD-4D2A-9468-23B19EC158D5}.Release|x86.Build.0 = Release|Any CPU
		{CF9AFB91-9441-494A-89C9-A05A2FE26E50}.Debug|Any CPU.ActiveCfg = Debug|Any CPU
		{CF9AFB91-9441-494A-89C9-A05A2FE26E50}.Debug|Any CPU.Build.0 = Debug|Any CPU
		{CF9AFB91-9441-494A-89C9-A05A2FE26E50}.Debug|x64.ActiveCfg = Debug|Any CPU
		{CF9AFB91-9441-494A-89C9-A05A2FE26E50}.Debug|x64.Build.0 = Debug|Any CPU
		{CF9AFB91-9441-494A-89C9-A05A2FE26E50}.Debug|x86.ActiveCfg = Debug|Any CPU
		{CF9AFB91-9441-494A-89C9-A05A2FE26E50}.Debug|x86.Build.0 = Debug|Any CPU
		{CF9AFB91-9441-494A-89C9-A05A2FE26E50}.Release|Any CPU.ActiveCfg = Release|Any CPU
		{CF9AFB91-9441-494A-89C9-A05A2FE26E50}.Release|Any CPU.Build.0 = Release|Any CPU
		{CF9AFB91-9441-494A-89C9-A05A2FE26E50}.Release|x64.ActiveCfg = Release|Any CPU
		{CF9AFB91-9441-494A-89C9-A05A2FE26E50}.Release|x64.Build.0 = Release|Any CPU
		{CF9AFB91-9441-494A-89C9-A05A2FE26E50}.Release|x86.ActiveCfg = Release|Any CPU
		{CF9AFB91-9441-494A-89C9-A05A2FE26E50}.Release|x86.Build.0 = Release|Any CPU
		{F7D7B457-9D10-4E57-AD13-96E818BB1A5C}.Debug|Any CPU.ActiveCfg = Debug|Any CPU
		{F7D7B457-9D10-4E57-AD13-96E818BB1A5C}.Debug|Any CPU.Build.0 = Debug|Any CPU
		{F7D7B457-9D10-4E57-AD13-96E818BB1A5C}.Debug|x64.ActiveCfg = Debug|Any CPU
		{F7D7B457-9D10-4E57-AD13-96E818BB1A5C}.Debug|x64.Build.0 = Debug|Any CPU
		{F7D7B457-9D10-4E57-AD13-96E818BB1A5C}.Debug|x86.ActiveCfg = Debug|Any CPU
		{F7D7B457-9D10-4E57-AD13-96E818BB1A5C}.Debug|x86.Build.0 = Debug|Any CPU
		{F7D7B457-9D10-4E57-AD13-96E818BB1A5C}.Release|Any CPU.ActiveCfg = Release|Any CPU
		{F7D7B457-9D10-4E57-AD13-96E818BB1A5C}.Release|Any CPU.Build.0 = Release|Any CPU
		{F7D7B457-9D10-4E57-AD13-96E818BB1A5C}.Release|x64.ActiveCfg = Release|Any CPU
		{F7D7B457-9D10-4E57-AD13-96E818BB1A5C}.Release|x64.Build.0 = Release|Any CPU
		{F7D7B457-9D10-4E57-AD13-96E818BB1A5C}.Release|x86.ActiveCfg = Release|Any CPU
		{F7D7B457-9D10-4E57-AD13-96E818BB1A5C}.Release|x86.Build.0 = Release|Any CPU
		{549B0321-6FF7-4463-A82A-824F6758127A}.Debug|Any CPU.ActiveCfg = Debug|Any CPU
		{549B0321-6FF7-4463-A82A-824F6758127A}.Debug|Any CPU.Build.0 = Debug|Any CPU
		{549B0321-6FF7-4463-A82A-824F6758127A}.Debug|x64.ActiveCfg = Debug|Any CPU
		{549B0321-6FF7-4463-A82A-824F6758127A}.Debug|x64.Build.0 = Debug|Any CPU
		{549B0321-6FF7-4463-A82A-824F6758127A}.Debug|x86.ActiveCfg = Debug|Any CPU
		{549B0321-6FF7-4463-A82A-824F6758127A}.Debug|x86.Build.0 = Debug|Any CPU
		{549B0321-6FF7-4463-A82A-824F6758127A}.Release|Any CPU.ActiveCfg = Release|Any CPU
		{549B0321-6FF7-4463-A82A-824F6758127A}.Release|Any CPU.Build.0 = Release|Any CPU
		{549B0321-6FF7-4463-A82A-824F6758127A}.Release|x64.ActiveCfg = Release|Any CPU
		{549B0321-6FF7-4463-A82A-824F6758127A}.Release|x64.Build.0 = Release|Any CPU
		{549B0321-6FF7-4463-A82A-824F6758127A}.Release|x86.ActiveCfg = Release|Any CPU
		{549B0321-6FF7-4463-A82A-824F6758127A}.Release|x86.Build.0 = Release|Any CPU
		{ACD465AE-F9CD-4BF0-BE58-F156EF03514A}.Debug|Any CPU.ActiveCfg = Debug|Any CPU
		{ACD465AE-F9CD-4BF0-BE58-F156EF03514A}.Debug|Any CPU.Build.0 = Debug|Any CPU
		{ACD465AE-F9CD-4BF0-BE58-F156EF03514A}.Debug|x64.ActiveCfg = Debug|Any CPU
		{ACD465AE-F9CD-4BF0-BE58-F156EF03514A}.Debug|x64.Build.0 = Debug|Any CPU
		{ACD465AE-F9CD-4BF0-BE58-F156EF03514A}.Debug|x86.ActiveCfg = Debug|Any CPU
		{ACD465AE-F9CD-4BF0-BE58-F156EF03514A}.Debug|x86.Build.0 = Debug|Any CPU
		{ACD465AE-F9CD-4BF0-BE58-F156EF03514A}.Release|Any CPU.ActiveCfg = Release|Any CPU
		{ACD465AE-F9CD-4BF0-BE58-F156EF03514A}.Release|Any CPU.Build.0 = Release|Any CPU
		{ACD465AE-F9CD-4BF0-BE58-F156EF03514A}.Release|x64.ActiveCfg = Release|Any CPU
		{ACD465AE-F9CD-4BF0-BE58-F156EF03514A}.Release|x64.Build.0 = Release|Any CPU
		{ACD465AE-F9CD-4BF0-BE58-F156EF03514A}.Release|x86.ActiveCfg = Release|Any CPU
		{ACD465AE-F9CD-4BF0-BE58-F156EF03514A}.Release|x86.Build.0 = Release|Any CPU
		{97B8946C-5D48-4D5B-A4B3-3D47370888A7}.Debug|Any CPU.ActiveCfg = Debug|Any CPU
		{97B8946C-5D48-4D5B-A4B3-3D47370888A7}.Debug|Any CPU.Build.0 = Debug|Any CPU
		{97B8946C-5D48-4D5B-A4B3-3D47370888A7}.Debug|x64.ActiveCfg = Debug|Any CPU
		{97B8946C-5D48-4D5B-A4B3-3D47370888A7}.Debug|x64.Build.0 = Debug|Any CPU
		{97B8946C-5D48-4D5B-A4B3-3D47370888A7}.Debug|x86.ActiveCfg = Debug|Any CPU
		{97B8946C-5D48-4D5B-A4B3-3D47370888A7}.Debug|x86.Build.0 = Debug|Any CPU
		{97B8946C-5D48-4D5B-A4B3-3D47370888A7}.Release|Any CPU.ActiveCfg = Release|Any CPU
		{97B8946C-5D48-4D5B-A4B3-3D47370888A7}.Release|Any CPU.Build.0 = Release|Any CPU
		{97B8946C-5D48-4D5B-A4B3-3D47370888A7}.Release|x64.ActiveCfg = Release|Any CPU
		{97B8946C-5D48-4D5B-A4B3-3D47370888A7}.Release|x64.Build.0 = Release|Any CPU
		{97B8946C-5D48-4D5B-A4B3-3D47370888A7}.Release|x86.ActiveCfg = Release|Any CPU
		{97B8946C-5D48-4D5B-A4B3-3D47370888A7}.Release|x86.Build.0 = Release|Any CPU
		{605E16A8-E1C6-4886-8CA6-C49B499E6D10}.Debug|Any CPU.ActiveCfg = Debug|Any CPU
		{605E16A8-E1C6-4886-8CA6-C49B499E6D10}.Debug|Any CPU.Build.0 = Debug|Any CPU
		{605E16A8-E1C6-4886-8CA6-C49B499E6D10}.Debug|x64.ActiveCfg = Debug|Any CPU
		{605E16A8-E1C6-4886-8CA6-C49B499E6D10}.Debug|x64.Build.0 = Debug|Any CPU
		{605E16A8-E1C6-4886-8CA6-C49B499E6D10}.Debug|x86.ActiveCfg = Debug|Any CPU
		{605E16A8-E1C6-4886-8CA6-C49B499E6D10}.Debug|x86.Build.0 = Debug|Any CPU
		{605E16A8-E1C6-4886-8CA6-C49B499E6D10}.Release|Any CPU.ActiveCfg = Release|Any CPU
		{605E16A8-E1C6-4886-8CA6-C49B499E6D10}.Release|Any CPU.Build.0 = Release|Any CPU
		{605E16A8-E1C6-4886-8CA6-C49B499E6D10}.Release|x64.ActiveCfg = Release|Any CPU
		{605E16A8-E1C6-4886-8CA6-C49B499E6D10}.Release|x64.Build.0 = Release|Any CPU
		{605E16A8-E1C6-4886-8CA6-C49B499E6D10}.Release|x86.ActiveCfg = Release|Any CPU
		{605E16A8-E1C6-4886-8CA6-C49B499E6D10}.Release|x86.Build.0 = Release|Any CPU
		{437ED827-52DC-4F97-A53D-576F564789C0}.Debug|Any CPU.ActiveCfg = Debug|Any CPU
		{437ED827-52DC-4F97-A53D-576F564789C0}.Debug|Any CPU.Build.0 = Debug|Any CPU
		{437ED827-52DC-4F97-A53D-576F564789C0}.Debug|x64.ActiveCfg = Debug|Any CPU
		{437ED827-52DC-4F97-A53D-576F564789C0}.Debug|x64.Build.0 = Debug|Any CPU
		{437ED827-52DC-4F97-A53D-576F564789C0}.Debug|x86.ActiveCfg = Debug|Any CPU
		{437ED827-52DC-4F97-A53D-576F564789C0}.Debug|x86.Build.0 = Debug|Any CPU
		{437ED827-52DC-4F97-A53D-576F564789C0}.Release|Any CPU.ActiveCfg = Release|Any CPU
		{437ED827-52DC-4F97-A53D-576F564789C0}.Release|Any CPU.Build.0 = Release|Any CPU
		{437ED827-52DC-4F97-A53D-576F564789C0}.Release|x64.ActiveCfg = Release|Any CPU
		{437ED827-52DC-4F97-A53D-576F564789C0}.Release|x64.Build.0 = Release|Any CPU
		{437ED827-52DC-4F97-A53D-576F564789C0}.Release|x86.ActiveCfg = Release|Any CPU
		{437ED827-52DC-4F97-A53D-576F564789C0}.Release|x86.Build.0 = Release|Any CPU
	EndGlobalSection
	GlobalSection(SolutionProperties) = preSolution
		HideSolutionNode = FALSE
	EndGlobalSection
	GlobalSection(NestedProjects) = preSolution
		{2E5CAE29-EA16-4101-87BE-AB998395BAED} = {AB5C4EC0-1D9F-483A-9DDA-C9F974B8678F}
		{49CB7047-F56A-4E79-8067-E832E7AC2202} = {535C27C8-C0FE-4971-B297-7030AF145372}
		{F68917CE-D59E-4DE3-A194-F039B0F22E7E} = {8678571A-A367-4254-B561-29C888A7DEB8}
		{42EC953F-B3F5-4DDD-8B32-788689B7BE33} = {A3A28AEF-F5E4-47F6-860D-6F1B6EE6A480}
		{61C0E4BF-9636-4B09-B7C4-F719325C77B0} = {A3A28AEF-F5E4-47F6-860D-6F1B6EE6A480}
		{8BA0CAB4-18AD-4D2A-9468-23B19EC158D5} = {A3A28AEF-F5E4-47F6-860D-6F1B6EE6A480}
		{CF9AFB91-9441-494A-89C9-A05A2FE26E50} = {A3A28AEF-F5E4-47F6-860D-6F1B6EE6A480}
		{F7D7B457-9D10-4E57-AD13-96E818BB1A5C} = {A3A28AEF-F5E4-47F6-860D-6F1B6EE6A480}
		{549B0321-6FF7-4463-A82A-824F6758127A} = {A3A28AEF-F5E4-47F6-860D-6F1B6EE6A480}
		{ACD465AE-F9CD-4BF0-BE58-F156EF03514A} = {AB5C4EC0-1D9F-483A-9DDA-C9F974B8678F}
		{97B8946C-5D48-4D5B-A4B3-3D47370888A7} = {AB5C4EC0-1D9F-483A-9DDA-C9F974B8678F}
		{605E16A8-E1C6-4886-8CA6-C49B499E6D10} = {AB5C4EC0-1D9F-483A-9DDA-C9F974B8678F}
		{437ED827-52DC-4F97-A53D-576F564789C0} = {535C27C8-C0FE-4971-B297-7030AF145372}
	EndGlobalSection
	GlobalSection(ExtensibilityGlobals) = postSolution
		SolutionGuid = {7DA517BB-E9CF-413E-8DC5-E48A9117543C}
	EndGlobalSection
EndGlobal
