
Microsoft Visual Studio Solution File, Format Version 12.00
# Visual Studio Version 16
VisualStudioVersion = 16.0.30803.129
MinimumVisualStudioVersion = 15.0.26124.0
Project("{2150E333-8FDC-42A3-9474-1A3956D46DE8}") = "src", "src", "{AB5C4EC0-1D9F-483A-9DDA-C9F974B8678F}"
EndProject
Project("{9A19103F-16F7-4668-BE54-9A1E7A4F7556}") = "Brimborium.Json", "src\Brimborium.Json\Brimborium.Json.csproj", "{2E5CAE29-EA16-4101-87BE-AB998395BAED}"
EndProject
Project("{2150E333-8FDC-42A3-9474-1A3956D46DE8}") = "test", "test", "{535C27C8-C0FE-4971-B297-7030AF145372}"
EndProject
Project("{9A19103F-16F7-4668-BE54-9A1E7A4F7556}") = "Brimborium.Json.Test", "test\Brimborium.Json.Test\Brimborium.Json.Test.csproj", "{49CB7047-F56A-4E79-8067-E832E7AC2202}"
EndProject
Project("{9A19103F-16F7-4668-BE54-9A1E7A4F7556}") = "Brimborium.Json.Tool", "src\Brimborium.Json.Tool\Brimborium.Json.Tool.csproj", "{6485D35F-CA6C-4836-885E-20B412173BCC}"
EndProject
Project("{2150E333-8FDC-42A3-9474-1A3956D46DE8}") = "_Root", "_Root", "{AB2F8407-528D-42FF-8E55-3F79E4F2CCB5}"
	ProjectSection(SolutionItems) = preProject
		Directory.Build.props = Directory.Build.props
		global.json = global.json
		LICENSE = LICENSE
		README.md = README.md
	EndProjectSection
EndProject
Project("{9A19103F-16F7-4668-BE54-9A1E7A4F7556}") = "Brimborium.Benchmark", "Benchmark\Brimborium.Benchmark\Brimborium.Benchmark.csproj", "{F68917CE-D59E-4DE3-A194-F039B0F22E7E}"
EndProject
Project("{2150E333-8FDC-42A3-9474-1A3956D46DE8}") = "Benchmark", "Benchmark", "{8678571A-A367-4254-B561-29C888A7DEB8}"
EndProject
Project("{9A19103F-16F7-4668-BE54-9A1E7A4F7556}") = "Brimborium.Json.SourceGenerator", "src\Brimborium.Json.SourceGenerator\Brimborium.Json.SourceGenerator.csproj", "{25B297CE-A5A9-40DD-886D-4300713FA96A}"
EndProject
Project("{9A19103F-16F7-4668-BE54-9A1E7A4F7556}") = "Brimborium.Disguise", "src\Brimborium.Disguise\Brimborium.Disguise.csproj", "{8BFDA3F4-F398-4C28-94B4-0EB289743B62}"
EndProject
Project("{9A19103F-16F7-4668-BE54-9A1E7A4F7556}") = "Brimborium.Disguise.Test", "test\Brimborium.Disguise.Test\Brimborium.Disguise.Test.csproj", "{F7CB007A-7912-4244-BB32-E9198F1E8247}"
EndProject
Project("{9A19103F-16F7-4668-BE54-9A1E7A4F7556}") = "SampleLibrary1", "sample\SampleLibrary1\SampleLibrary1.csproj", "{42EC953F-B3F5-4DDD-8B32-788689B7BE33}"
EndProject
Project("{2150E333-8FDC-42A3-9474-1A3956D46DE8}") = "sample", "sample", "{A3A28AEF-F5E4-47F6-860D-6F1B6EE6A480}"
EndProject
Project("{9A19103F-16F7-4668-BE54-9A1E7A4F7556}") = "SampleLibrary2", "sample\SampleLibrary2\SampleLibrary2.csproj", "{61C0E4BF-9636-4B09-B7C4-F719325C77B0}"
EndProject
Project("{9A19103F-16F7-4668-BE54-9A1E7A4F7556}") = "SampleLibrary2Specification", "sample\SampleLibrary2Specification\SampleLibrary2Specification.csproj", "{8BA0CAB4-18AD-4D2A-9468-23B19EC158D5}"
EndProject
Project("{9A19103F-16F7-4668-BE54-9A1E7A4F7556}") = "SampleApp1", "sample\SampleApp1\SampleApp1.csproj", "{CF9AFB91-9441-494A-89C9-A05A2FE26E50}"
EndProject
Project("{9A19103F-16F7-4668-BE54-9A1E7A4F7556}") = "Brimborium.Disguise.Library", "src\Brimborium.Disguise.Library\Brimborium.Disguise.Library.csproj", "{E476805E-383C-4122-AD1C-79F4CE33BFE6}"
EndProject
Global
	GlobalSection(SolutionConfigurationPlatforms) = preSolution
		Debug|Any CPU = Debug|Any CPU
		Debug|x64 = Debug|x64
		Debug|x86 = Debug|x86
		Release|Any CPU = Release|Any CPU
		Release|x64 = Release|x64
		Release|x86 = Release|x86
	EndGlobalSection
	GlobalSection(ProjectConfigurationPlatforms) = postSolution
		{2E5CAE29-EA16-4101-87BE-AB998395BAED}.Debug|Any CPU.ActiveCfg = Debug|Any CPU
		{2E5CAE29-EA16-4101-87BE-AB998395BAED}.Debug|Any CPU.Build.0 = Debug|Any CPU
		{2E5CAE29-EA16-4101-87BE-AB998395BAED}.Debug|x64.ActiveCfg = Debug|Any CPU
		{2E5CAE29-EA16-4101-87BE-AB998395BAED}.Debug|x64.Build.0 = Debug|Any CPU
		{2E5CAE29-EA16-4101-87BE-AB998395BAED}.Debug|x86.ActiveCfg = Debug|Any CPU
		{2E5CAE29-EA16-4101-87BE-AB998395BAED}.Debug|x86.Build.0 = Debug|Any CPU
		{2E5CAE29-EA16-4101-87BE-AB998395BAED}.Release|Any CPU.ActiveCfg = Release|Any CPU
		{2E5CAE29-EA16-4101-87BE-AB998395BAED}.Release|Any CPU.Build.0 = Release|Any CPU
		{2E5CAE29-EA16-4101-87BE-AB998395BAED}.Release|x64.ActiveCfg = Release|Any CPU
		{2E5CAE29-EA16-4101-87BE-AB998395BAED}.Release|x64.Build.0 = Release|Any CPU
		{2E5CAE29-EA16-4101-87BE-AB998395BAED}.Release|x86.ActiveCfg = Release|Any CPU
		{2E5CAE29-EA16-4101-87BE-AB998395BAED}.Release|x86.Build.0 = Release|Any CPU
		{49CB7047-F56A-4E79-8067-E832E7AC2202}.Debug|Any CPU.ActiveCfg = Debug|Any CPU
		{49CB7047-F56A-4E79-8067-E832E7AC2202}.Debug|Any CPU.Build.0 = Debug|Any CPU
		{49CB7047-F56A-4E79-8067-E832E7AC2202}.Debug|x64.ActiveCfg = Debug|Any CPU
		{49CB7047-F56A-4E79-8067-E832E7AC2202}.Debug|x64.Build.0 = Debug|Any CPU
		{49CB7047-F56A-4E79-8067-E832E7AC2202}.Debug|x86.ActiveCfg = Debug|Any CPU
		{49CB7047-F56A-4E79-8067-E832E7AC2202}.Debug|x86.Build.0 = Debug|Any CPU
		{49CB7047-F56A-4E79-8067-E832E7AC2202}.Release|Any CPU.ActiveCfg = Release|Any CPU
		{49CB7047-F56A-4E79-8067-E832E7AC2202}.Release|Any CPU.Build.0 = Release|Any CPU
		{49CB7047-F56A-4E79-8067-E832E7AC2202}.Release|x64.ActiveCfg = Release|Any CPU
		{49CB7047-F56A-4E79-8067-E832E7AC2202}.Release|x64.Build.0 = Release|Any CPU
		{49CB7047-F56A-4E79-8067-E832E7AC2202}.Release|x86.ActiveCfg = Release|Any CPU
		{49CB7047-F56A-4E79-8067-E832E7AC2202}.Release|x86.Build.0 = Release|Any CPU
		{6485D35F-CA6C-4836-885E-20B412173BCC}.Debug|Any CPU.ActiveCfg = Debug|Any CPU
		{6485D35F-CA6C-4836-885E-20B412173BCC}.Debug|Any CPU.Build.0 = Debug|Any CPU
		{6485D35F-CA6C-4836-885E-20B412173BCC}.Debug|x64.ActiveCfg = Debug|Any CPU
		{6485D35F-CA6C-4836-885E-20B412173BCC}.Debug|x64.Build.0 = Debug|Any CPU
		{6485D35F-CA6C-4836-885E-20B412173BCC}.Debug|x86.ActiveCfg = Debug|Any CPU
		{6485D35F-CA6C-4836-885E-20B412173BCC}.Debug|x86.Build.0 = Debug|Any CPU
		{6485D35F-CA6C-4836-885E-20B412173BCC}.Release|Any CPU.ActiveCfg = Release|Any CPU
		{6485D35F-CA6C-4836-885E-20B412173BCC}.Release|Any CPU.Build.0 = Release|Any CPU
		{6485D35F-CA6C-4836-885E-20B412173BCC}.Release|x64.ActiveCfg = Release|Any CPU
		{6485D35F-CA6C-4836-885E-20B412173BCC}.Release|x64.Build.0 = Release|Any CPU
		{6485D35F-CA6C-4836-885E-20B412173BCC}.Release|x86.ActiveCfg = Release|Any CPU
		{6485D35F-CA6C-4836-885E-20B412173BCC}.Release|x86.Build.0 = Release|Any CPU
		{F68917CE-D59E-4DE3-A194-F039B0F22E7E}.Debug|Any CPU.ActiveCfg = Debug|Any CPU
		{F68917CE-D59E-4DE3-A194-F039B0F22E7E}.Debug|Any CPU.Build.0 = Debug|Any CPU
		{F68917CE-D59E-4DE3-A194-F039B0F22E7E}.Debug|x64.ActiveCfg = Debug|Any CPU
		{F68917CE-D59E-4DE3-A194-F039B0F22E7E}.Debug|x64.Build.0 = Debug|Any CPU
		{F68917CE-D59E-4DE3-A194-F039B0F22E7E}.Debug|x86.ActiveCfg = Debug|Any CPU
		{F68917CE-D59E-4DE3-A194-F039B0F22E7E}.Debug|x86.Build.0 = Debug|Any CPU
		{F68917CE-D59E-4DE3-A194-F039B0F22E7E}.Release|Any CPU.ActiveCfg = Release|Any CPU
		{F68917CE-D59E-4DE3-A194-F039B0F22E7E}.Release|Any CPU.Build.0 = Release|Any CPU
		{F68917CE-D59E-4DE3-A194-F039B0F22E7E}.Release|x64.ActiveCfg = Release|Any CPU
		{F68917CE-D59E-4DE3-A194-F039B0F22E7E}.Release|x64.Build.0 = Release|Any CPU
		{F68917CE-D59E-4DE3-A194-F039B0F22E7E}.Release|x86.ActiveCfg = Release|Any CPU
		{F68917CE-D59E-4DE3-A194-F039B0F22E7E}.Release|x86.Build.0 = Release|Any CPU
		{25B297CE-A5A9-40DD-886D-4300713FA96A}.Debug|Any CPU.ActiveCfg = Debug|Any CPU
		{25B297CE-A5A9-40DD-886D-4300713FA96A}.Debug|Any CPU.Build.0 = Debug|Any CPU
		{25B297CE-A5A9-40DD-886D-4300713FA96A}.Debug|x64.ActiveCfg = Debug|Any CPU
		{25B297CE-A5A9-40DD-886D-4300713FA96A}.Debug|x64.Build.0 = Debug|Any CPU
		{25B297CE-A5A9-40DD-886D-4300713FA96A}.Debug|x86.ActiveCfg = Debug|Any CPU
		{25B297CE-A5A9-40DD-886D-4300713FA96A}.Debug|x86.Build.0 = Debug|Any CPU
		{25B297CE-A5A9-40DD-886D-4300713FA96A}.Release|Any CPU.ActiveCfg = Release|Any CPU
		{25B297CE-A5A9-40DD-886D-4300713FA96A}.Release|Any CPU.Build.0 = Release|Any CPU
		{25B297CE-A5A9-40DD-886D-4300713FA96A}.Release|x64.ActiveCfg = Release|Any CPU
		{25B297CE-A5A9-40DD-886D-4300713FA96A}.Release|x64.Build.0 = Release|Any CPU
		{25B297CE-A5A9-40DD-886D-4300713FA96A}.Release|x86.ActiveCfg = Release|Any CPU
		{25B297CE-A5A9-40DD-886D-4300713FA96A}.Release|x86.Build.0 = Release|Any CPU
		{8BFDA3F4-F398-4C28-94B4-0EB289743B62}.Debug|Any CPU.ActiveCfg = Debug|Any CPU
		{8BFDA3F4-F398-4C28-94B4-0EB289743B62}.Debug|Any CPU.Build.0 = Debug|Any CPU
		{8BFDA3F4-F398-4C28-94B4-0EB289743B62}.Debug|x64.ActiveCfg = Debug|Any CPU
		{8BFDA3F4-F398-4C28-94B4-0EB289743B62}.Debug|x64.Build.0 = Debug|Any CPU
		{8BFDA3F4-F398-4C28-94B4-0EB289743B62}.Debug|x86.ActiveCfg = Debug|Any CPU
		{8BFDA3F4-F398-4C28-94B4-0EB289743B62}.Debug|x86.Build.0 = Debug|Any CPU
		{8BFDA3F4-F398-4C28-94B4-0EB289743B62}.Release|Any CPU.ActiveCfg = Release|Any CPU
		{8BFDA3F4-F398-4C28-94B4-0EB289743B62}.Release|Any CPU.Build.0 = Release|Any CPU
		{8BFDA3F4-F398-4C28-94B4-0EB289743B62}.Release|x64.ActiveCfg = Release|Any CPU
		{8BFDA3F4-F398-4C28-94B4-0EB289743B62}.Release|x64.Build.0 = Release|Any CPU
		{8BFDA3F4-F398-4C28-94B4-0EB289743B62}.Release|x86.ActiveCfg = Release|Any CPU
		{8BFDA3F4-F398-4C28-94B4-0EB289743B62}.Release|x86.Build.0 = Release|Any CPU
		{F7CB007A-7912-4244-BB32-E9198F1E8247}.Debug|Any CPU.ActiveCfg = Debug|Any CPU
		{F7CB007A-7912-4244-BB32-E9198F1E8247}.Debug|Any CPU.Build.0 = Debug|Any CPU
		{F7CB007A-7912-4244-BB32-E9198F1E8247}.Debug|x64.ActiveCfg = Debug|Any CPU
		{F7CB007A-7912-4244-BB32-E9198F1E8247}.Debug|x64.Build.0 = Debug|Any CPU
		{F7CB007A-7912-4244-BB32-E9198F1E8247}.Debug|x86.ActiveCfg = Debug|Any CPU
		{F7CB007A-7912-4244-BB32-E9198F1E8247}.Debug|x86.Build.0 = Debug|Any CPU
		{F7CB007A-7912-4244-BB32-E9198F1E8247}.Release|Any CPU.ActiveCfg = Release|Any CPU
		{F7CB007A-7912-4244-BB32-E9198F1E8247}.Release|Any CPU.Build.0 = Release|Any CPU
		{F7CB007A-7912-4244-BB32-E9198F1E8247}.Release|x64.ActiveCfg = Release|Any CPU
		{F7CB007A-7912-4244-BB32-E9198F1E8247}.Release|x64.Build.0 = Release|Any CPU
		{F7CB007A-7912-4244-BB32-E9198F1E8247}.Release|x86.ActiveCfg = Release|Any CPU
		{F7CB007A-7912-4244-BB32-E9198F1E8247}.Release|x86.Build.0 = Release|Any CPU
		{42EC953F-B3F5-4DDD-8B32-788689B7BE33}.Debug|Any CPU.ActiveCfg = Debug|Any CPU
		{42EC953F-B3F5-4DDD-8B32-788689B7BE33}.Debug|Any CPU.Build.0 = Debug|Any CPU
		{42EC953F-B3F5-4DDD-8B32-788689B7BE33}.Debug|x64.ActiveCfg = Debug|Any CPU
		{42EC953F-B3F5-4DDD-8B32-788689B7BE33}.Debug|x64.Build.0 = Debug|Any CPU
		{42EC953F-B3F5-4DDD-8B32-788689B7BE33}.Debug|x86.ActiveCfg = Debug|Any CPU
		{42EC953F-B3F5-4DDD-8B32-788689B7BE33}.Debug|x86.Build.0 = Debug|Any CPU
		{42EC953F-B3F5-4DDD-8B32-788689B7BE33}.Release|Any CPU.ActiveCfg = Release|Any CPU
		{42EC953F-B3F5-4DDD-8B32-788689B7BE33}.Release|Any CPU.Build.0 = Release|Any CPU
		{42EC953F-B3F5-4DDD-8B32-788689B7BE33}.Release|x64.ActiveCfg = Release|Any CPU
		{42EC953F-B3F5-4DDD-8B32-788689B7BE33}.Release|x64.Build.0 = Release|Any CPU
		{42EC953F-B3F5-4DDD-8B32-788689B7BE33}.Release|x86.ActiveCfg = Release|Any CPU
		{42EC953F-B3F5-4DDD-8B32-788689B7BE33}.Release|x86.Build.0 = Release|Any CPU
		{61C0E4BF-9636-4B09-B7C4-F719325C77B0}.Debug|Any CPU.ActiveCfg = Debug|Any CPU
		{61C0E4BF-9636-4B09-B7C4-F719325C77B0}.Debug|Any CPU.Build.0 = Debug|Any CPU
		{61C0E4BF-9636-4B09-B7C4-F719325C77B0}.Debug|x64.ActiveCfg = Debug|Any CPU
		{61C0E4BF-9636-4B09-B7C4-F719325C77B0}.Debug|x64.Build.0 = Debug|Any CPU
		{61C0E4BF-9636-4B09-B7C4-F719325C77B0}.Debug|x86.ActiveCfg = Debug|Any CPU
		{61C0E4BF-9636-4B09-B7C4-F719325C77B0}.Debug|x86.Build.0 = Debug|Any CPU
		{61C0E4BF-9636-4B09-B7C4-F719325C77B0}.Release|Any CPU.ActiveCfg = Release|Any CPU
		{61C0E4BF-9636-4B09-B7C4-F719325C77B0}.Release|Any CPU.Build.0 = Release|Any CPU
		{61C0E4BF-9636-4B09-B7C4-F719325C77B0}.Release|x64.ActiveCfg = Release|Any CPU
		{61C0E4BF-9636-4B09-B7C4-F719325C77B0}.Release|x64.Build.0 = Release|Any CPU
		{61C0E4BF-9636-4B09-B7C4-F719325C77B0}.Release|x86.ActiveCfg = Release|Any CPU
		{61C0E4BF-9636-4B09-B7C4-F719325C77B0}.Release|x86.Build.0 = Release|Any CPU
		{8BA0CAB4-18AD-4D2A-9468-23B19EC158D5}.Debug|Any CPU.ActiveCfg = Debug|Any CPU
		{8BA0CAB4-18AD-4D2A-9468-23B19EC158D5}.Debug|Any CPU.Build.0 = Debug|Any CPU
		{8BA0CAB4-18AD-4D2A-9468-23B19EC158D5}.Debug|x64.ActiveCfg = Debug|Any CPU
		{8BA0CAB4-18AD-4D2A-9468-23B19EC158D5}.Debug|x64.Build.0 = Debug|Any CPU
		{8BA0CAB4-18AD-4D2A-9468-23B19EC158D5}.Debug|x86.ActiveCfg = Debug|Any CPU
		{8BA0CAB4-18AD-4D2A-9468-23B19EC158D5}.Debug|x86.Build.0 = Debug|Any CPU
		{8BA0CAB4-18AD-4D2A-9468-23B19EC158D5}.Release|Any CPU.ActiveCfg = Release|Any CPU
		{8BA0CAB4-18AD-4D2A-9468-23B19EC158D5}.Release|Any CPU.Build.0 = Release|Any CPU
		{8BA0CAB4-18AD-4D2A-9468-23B19EC158D5}.Release|x64.ActiveCfg = Release|Any CPU
		{8BA0CAB4-18AD-4D2A-9468-23B19EC158D5}.Release|x64.Build.0 = Release|Any CPU
		{8BA0CAB4-18AD-4D2A-9468-23B19EC158D5}.Release|x86.ActiveCfg = Release|Any CPU
		{8BA0CAB4-18AD-4D2A-9468-23B19EC158D5}.Release|x86.Build.0 = Release|Any CPU
		{CF9AFB91-9441-494A-89C9-A05A2FE26E50}.Debug|Any CPU.ActiveCfg = Debug|Any CPU
		{CF9AFB91-9441-494A-89C9-A05A2FE26E50}.Debug|Any CPU.Build.0 = Debug|Any CPU
		{CF9AFB91-9441-494A-89C9-A05A2FE26E50}.Debug|x64.ActiveCfg = Debug|Any CPU
		{CF9AFB91-9441-494A-89C9-A05A2FE26E50}.Debug|x64.Build.0 = Debug|Any CPU
		{CF9AFB91-9441-494A-89C9-A05A2FE26E50}.Debug|x86.ActiveCfg = Debug|Any CPU
		{CF9AFB91-9441-494A-89C9-A05A2FE26E50}.Debug|x86.Build.0 = Debug|Any CPU
		{CF9AFB91-9441-494A-89C9-A05A2FE26E50}.Release|Any CPU.ActiveCfg = Release|Any CPU
		{CF9AFB91-9441-494A-89C9-A05A2FE26E50}.Release|Any CPU.Build.0 = Release|Any CPU
		{CF9AFB91-9441-494A-89C9-A05A2FE26E50}.Release|x64.ActiveCfg = Release|Any CPU
		{CF9AFB91-9441-494A-89C9-A05A2FE26E50}.Release|x64.Build.0 = Release|Any CPU
		{CF9AFB91-9441-494A-89C9-A05A2FE26E50}.Release|x86.ActiveCfg = Release|Any CPU
		{CF9AFB91-9441-494A-89C9-A05A2FE26E50}.Release|x86.Build.0 = Release|Any CPU
		{E476805E-383C-4122-AD1C-79F4CE33BFE6}.Debug|Any CPU.ActiveCfg = Debug|Any CPU
		{E476805E-383C-4122-AD1C-79F4CE33BFE6}.Debug|Any CPU.Build.0 = Debug|Any CPU
		{E476805E-383C-4122-AD1C-79F4CE33BFE6}.Debug|x64.ActiveCfg = Debug|Any CPU
		{E476805E-383C-4122-AD1C-79F4CE33BFE6}.Debug|x64.Build.0 = Debug|Any CPU
		{E476805E-383C-4122-AD1C-79F4CE33BFE6}.Debug|x86.ActiveCfg = Debug|Any CPU
		{E476805E-383C-4122-AD1C-79F4CE33BFE6}.Debug|x86.Build.0 = Debug|Any CPU
		{E476805E-383C-4122-AD1C-79F4CE33BFE6}.Release|Any CPU.ActiveCfg = Release|Any CPU
		{E476805E-383C-4122-AD1C-79F4CE33BFE6}.Release|Any CPU.Build.0 = Release|Any CPU
		{E476805E-383C-4122-AD1C-79F4CE33BFE6}.Release|x64.ActiveCfg = Release|Any CPU
		{E476805E-383C-4122-AD1C-79F4CE33BFE6}.Release|x64.Build.0 = Release|Any CPU
		{E476805E-383C-4122-AD1C-79F4CE33BFE6}.Release|x86.ActiveCfg = Release|Any CPU
		{E476805E-383C-4122-AD1C-79F4CE33BFE6}.Release|x86.Build.0 = Release|Any CPU
	EndGlobalSection
	GlobalSection(SolutionProperties) = preSolution
		HideSolutionNode = FALSE
	EndGlobalSection
	GlobalSection(NestedProjects) = preSolution
		{2E5CAE29-EA16-4101-87BE-AB998395BAED} = {AB5C4EC0-1D9F-483A-9DDA-C9F974B8678F}
		{49CB7047-F56A-4E79-8067-E832E7AC2202} = {535C27C8-C0FE-4971-B297-7030AF145372}
		{6485D35F-CA6C-4836-885E-20B412173BCC} = {AB5C4EC0-1D9F-483A-9DDA-C9F974B8678F}
		{F68917CE-D59E-4DE3-A194-F039B0F22E7E} = {8678571A-A367-4254-B561-29C888A7DEB8}
		{25B297CE-A5A9-40DD-886D-4300713FA96A} = {AB5C4EC0-1D9F-483A-9DDA-C9F974B8678F}
		{8BFDA3F4-F398-4C28-94B4-0EB289743B62} = {AB5C4EC0-1D9F-483A-9DDA-C9F974B8678F}
		{F7CB007A-7912-4244-BB32-E9198F1E8247} = {535C27C8-C0FE-4971-B297-7030AF145372}
		{42EC953F-B3F5-4DDD-8B32-788689B7BE33} = {A3A28AEF-F5E4-47F6-860D-6F1B6EE6A480}
		{61C0E4BF-9636-4B09-B7C4-F719325C77B0} = {A3A28AEF-F5E4-47F6-860D-6F1B6EE6A480}
		{8BA0CAB4-18AD-4D2A-9468-23B19EC158D5} = {A3A28AEF-F5E4-47F6-860D-6F1B6EE6A480}
		{CF9AFB91-9441-494A-89C9-A05A2FE26E50} = {A3A28AEF-F5E4-47F6-860D-6F1B6EE6A480}
		{E476805E-383C-4122-AD1C-79F4CE33BFE6} = {AB5C4EC0-1D9F-483A-9DDA-C9F974B8678F}
	EndGlobalSection
	GlobalSection(ExtensibilityGlobals) = postSolution
		SolutionGuid = {7DA517BB-E9CF-413E-8DC5-E48A9117543C}
	EndGlobalSection
EndGlobal
